
Microsoft Visual Studio Solution File, Format Version 12.00
# Visual Studio Version 17
VisualStudioVersion = 17.6.33815.320
MinimumVisualStudioVersion = 10.0.40219.1
Project("{FAE04EC0-301F-11D3-BF4B-00C04F79EFBC}") = "cat.itb.store_VillodresAdrian", "cat.itb.store_VillodresAdrian.csproj", "{C5D6F9C6-9DCD-4EC7-8B0A-A1DA474D1636}"
EndProject
Global
	GlobalSection(SolutionConfigurationPlatforms) = preSolution
		Debug|Any CPU = Debug|Any CPU
		Release|Any CPU = Release|Any CPU
	EndGlobalSection
	GlobalSection(ProjectConfigurationPlatforms) = postSolution
		{C5D6F9C6-9DCD-4EC7-8B0A-A1DA474D1636}.Debug|Any CPU.ActiveCfg = Debug|Any CPU
		{C5D6F9C6-9DCD-4EC7-8B0A-A1DA474D1636}.Debug|Any CPU.Build.0 = Debug|Any CPU
		{C5D6F9C6-9DCD-4EC7-8B0A-A1DA474D1636}.Release|Any CPU.ActiveCfg = Release|Any CPU
		{C5D6F9C6-9DCD-4EC7-8B0A-A1DA474D1636}.Release|Any CPU.Build.0 = Release|Any CPU
	EndGlobalSection
	GlobalSection(SolutionProperties) = preSolution
		HideSolutionNode = FALSE
	EndGlobalSection
	GlobalSection(ExtensibilityGlobals) = postSolution
		SolutionGuid = {618AE424-7CE3-4664-8F23-BCDD985E9A08}
	EndGlobalSection
EndGlobal
